
Microsoft Visual Studio Solution File, Format Version 12.00
# Visual Studio Version 17
VisualStudioVersion = 17.14.37216.2 d17.14
MinimumVisualStudioVersion = 10.0.40219.1
Project("{FAE04EC0-301F-11D3-BF4B-00C04F79EFBC}") = "ComicsAndAllProject", "ComicsAndAllProject\ComicsAndAllProject.csproj", "{96B7FA69-458E-43AB-ABE9-9E426E8493F8}"
EndProject
Project("{FAE04EC0-301F-11D3-BF4B-00C04F79EFBC}") = "ComicsAndAllProject.Core", "ComicsAndAllProject.Core\ComicsAndAllProject.Core.csproj", "{7DDFA25D-F122-4BE5-BF7B-9558B1CC2CCE}"
EndProject
Project("{FAE04EC0-301F-11D3-BF4B-00C04F79EFBC}") = "ComicsAndAllProject.Plugins.EFCore", "ComicsAndAllProject.Plugins.EFCore\ComicsAndAllProject.Plugins.EFCore.csproj", "{97465398-66C7-43BE-96E4-87257F5F0B5D}"
EndProject
Project("{FAE04EC0-301F-11D3-BF4B-00C04F79EFBC}") = "ComicsAndAllProject.UseCases", "ComicsAndAllProject.UseCases\ComicsAndAllProject.UseCases.csproj", "{52202AD0-2A42-474D-9D2A-4E8A0F97B6F2}"
EndProject
Global
	GlobalSection(SolutionConfigurationPlatforms) = preSolution
		Debug|Any CPU = Debug|Any CPU
		Release|Any CPU = Release|Any CPU
	EndGlobalSection
	GlobalSection(ProjectConfigurationPlatforms) = postSolution
		{96B7FA69-458E-43AB-ABE9-9E426E8493F8}.Debug|Any CPU.ActiveCfg = Debug|Any CPU
		{96B7FA69-458E-43AB-ABE9-9E426E8493F8}.Debug|Any CPU.Build.0 = Debug|Any CPU
		{96B7FA69-458E-43AB-ABE9-9E426E8493F8}.Release|Any CPU.ActiveCfg = Release|Any CPU
		{96B7FA69-458E-43AB-ABE9-9E426E8493F8}.Release|Any CPU.Build.0 = Release|Any CPU
		{7DDFA25D-F122-4BE5-BF7B-9558B1CC2CCE}.Debug|Any CPU.ActiveCfg = Debug|Any CPU
		{7DDFA25D-F122-4BE5-BF7B-9558B1CC2CCE}.Debug|Any CPU.Build.0 = Debug|Any CPU
		{7DDFA25D-F122-4BE5-BF7B-9558B1CC2CCE}.Release|Any CPU.ActiveCfg = Release|Any CPU
		{7DDFA25D-F122-4BE5-BF7B-9558B1CC2CCE}.Release|Any CPU.Build.0 = Release|Any CPU
		{97465398-66C7-43BE-96E4-87257F5F0B5D}.Debug|Any CPU.ActiveCfg = Debug|Any CPU
		{97465398-66C7-43BE-96E4-87257F5F0B5D}.Debug|Any CPU.Build.0 = Debug|Any CPU
		{97465398-66C7-43BE-96E4-87257F5F0B5D}.Release|Any CPU.ActiveCfg = Release|Any CPU
		{97465398-66C7-43BE-96E4-87257F5F0B5D}.Release|Any CPU.Build.0 = Release|Any CPU
		{52202AD0-2A42-474D-9D2A-4E8A0F97B6F2}.Debug|Any CPU.ActiveCfg = Debug|Any CPU
		{52202AD0-2A42-474D-9D2A-4E8A0F97B6F2}.Debug|Any CPU.Build.0 = Debug|Any CPU
		{52202AD0-2A42-474D-9D2A-4E8A0F97B6F2}.Release|Any CPU.ActiveCfg = Release|Any CPU
		{52202AD0-2A42-474D-9D2A-4E8A0F97B6F2}.Release|Any CPU.Build.0 = Release|Any CPU
	EndGlobalSection
	GlobalSection(SolutionProperties) = preSolution
		HideSolutionNode = FALSE
	EndGlobalSection
	GlobalSection(ExtensibilityGlobals) = postSolution
		SolutionGuid = {35108B59-F800-4783-A622-1417DB215D12}
	EndGlobalSection
EndGlobal
